
Microsoft Visual Studio Solution File, Format Version 12.00
# Visual Studio Version 16
VisualStudioVersion = 16.0.30225.117
MinimumVisualStudioVersion = 10.0.40219.1
Project("{FAE04EC0-301F-11D3-BF4B-00C04F79EFBC}") = "My_Pdf_Reader", "My_Pdf_Reader.csproj", "{15DDFEA6-CF83-4436-804D-816781C5F277}"
EndProject
Global
	GlobalSection(SolutionConfigurationPlatforms) = preSolution
		Debug|Any CPU = Debug|Any CPU
		Release|Any CPU = Release|Any CPU
	EndGlobalSection
	GlobalSection(ProjectConfigurationPlatforms) = postSolution
		{15DDFEA6-CF83-4436-804D-816781C5F277}.Debug|Any CPU.ActiveCfg = Debug|Any CPU
		{15DDFEA6-CF83-4436-804D-816781C5F277}.Debug|Any CPU.Build.0 = Debug|Any CPU
		{15DDFEA6-CF83-4436-804D-816781C5F277}.Release|Any CPU.ActiveCfg = Release|Any CPU
		{15DDFEA6-CF83-4436-804D-816781C5F277}.Release|Any CPU.Build.0 = Release|Any CPU
	EndGlobalSection
	GlobalSection(SolutionProperties) = preSolution
		HideSolutionNode = FALSE
	EndGlobalSection
	GlobalSection(ExtensibilityGlobals) = postSolution
		SolutionGuid = {79300576-D9DA-4DF0-85E2-6394DE17D44C}
	EndGlobalSection
EndGlobal
